
Microsoft Visual Studio Solution File, Format Version 12.00
# Visual Studio Version 17
VisualStudioVersion = 17.6.33706.43
MinimumVisualStudioVersion = 10.0.40219.1
Project("{FAE04EC0-301F-11D3-BF4B-00C04F79EFBC}") = "WebWithReactComponetPractice", "WebWithReactComponetPractice.csproj", "{B47E57EC-C5A8-4AA1-B80F-A82518131097}"
EndProject
Global
	GlobalSection(SolutionConfigurationPlatforms) = preSolution
		Debug|Any CPU = Debug|Any CPU
		Release|Any CPU = Release|Any CPU
	EndGlobalSection
	GlobalSection(ProjectConfigurationPlatforms) = postSolution
		{B47E57EC-C5A8-4AA1-B80F-A82518131097}.Debug|Any CPU.ActiveCfg = Debug|Any CPU
		{B47E57EC-C5A8-4AA1-B80F-A82518131097}.Debug|Any CPU.Build.0 = Debug|Any CPU
		{B47E57EC-C5A8-4AA1-B80F-A82518131097}.Release|Any CPU.ActiveCfg = Release|Any CPU
		{B47E57EC-C5A8-4AA1-B80F-A82518131097}.Release|Any CPU.Build.0 = Release|Any CPU
	EndGlobalSection
	GlobalSection(SolutionProperties) = preSolution
		HideSolutionNode = FALSE
	EndGlobalSection
	GlobalSection(ExtensibilityGlobals) = postSolution
		SolutionGuid = {57D4FE72-7D30-4BC4-9370-B1F66D0EA5A2}
	EndGlobalSection
EndGlobal
